{
  "name": "codegen",
  "version": "1.0.0",
  "lockfileVersion": 1,
  "requires": true,
  "dependencies": {
    "@types/node": {
      "version": "7.0.4",
      "resolved": "https://registry.npmjs.org/@types/node/-/node-7.0.4.tgz",
      "integrity": "sha1-mqvBNZed7TgzJXSfUIiUxmKUjIs=",
      "dev": true
    },
    "@types/prop-types": {
      "version": "15.5.8",
      "resolved": "https://registry.npmjs.org/@types/prop-types/-/prop-types-15.5.8.tgz",
      "integrity": "sha512-3AQoUxQcQtLHsK25wtTWIoIpgYjH3vSDroZOUr7PpCHw/jLY1RB9z9E8dBT/OSmwStVgkRNvdh+ZHNiomRieaw=="
    },
    "@types/react": {
      "version": "16.8.2",
      "resolved": "https://registry.npmjs.org/@types/react/-/react-16.8.2.tgz",
      "integrity": "sha512-6mcKsqlqkN9xADrwiUz2gm9Wg4iGnlVGciwBRYFQSMWG6MQjhOZ/AVnxn+6v8nslFgfYTV8fNdE6XwKu6va5PA==",
      "requires": {
        "@types/prop-types": "*",
        "csstype": "^2.2.0"
      }
    },
    "@types/react-native": {
      "version": "0.57.34",
      "resolved": "https://registry.npmjs.org/@types/react-native/-/react-native-0.57.34.tgz",
      "integrity": "sha512-jWcxUHZjDmBjXuEVx0MmangkFiWmaQsOVJEmEpTNp55ML+OalEwGNSB8p88kq+SPLVhwOABrbIOcawo5N3qJPw==",
      "requires": {
        "@types/prop-types": "*",
        "@types/react": "*"
      }
    },
    "csstype": {
      "version": "2.6.2",
      "resolved": "https://registry.npmjs.org/csstype/-/csstype-2.6.2.tgz",
      "integrity": "sha512-Rl7PvTae0pflc1YtxtKbiSqq20Ts6vpIYOD5WBafl4y123DyHUeLrRdQP66sQW8/6gmX8jrYJLXwNeMqYVJcow=="
    },
    "typescript": {
      "version": "3.3.1",
      "resolved": "https://registry.npmjs.org/typescript/-/typescript-3.3.1.tgz",
      "integrity": "sha512-cTmIDFW7O0IHbn1DPYjkiebHxwtCMU+eTy30ZtJNBPF9j2O1ITu5XH2YnBeVRKWHqF+3JQwWJv0Q0aUgX8W7IA==",
      "dev": true
    }
  }
}
